// !$*UTF8*$!
{
	archiveVersion = 1;
	classes = {
	};
	objectVersion = 56;
	objects = {

/* Begin PBXBuildFile section */
		04A4F7CD2CB52CE20094BB42 /* AppDelegate.swift in Sources */ = {isa = PBXBuildFile; fileRef = 04A4F7CC2CB52CE20094BB42 /* AppDelegate.swift */; };
		04A4F7CF2CB52CE20094BB42 /* SceneDelegate.swift in Sources */ = {isa = PBXBuildFile; fileRef = 04A4F7CE2CB52CE20094BB42 /* SceneDelegate.swift */; };
		04A4F7D12CB52CE20094BB42 /* ViewController.swift in Sources */ = {isa = PBXBuildFile; fileRef = 04A4F7D02CB52CE20094BB42 /* ViewController.swift */; };
		04A4F7D62CB52CE30094BB42 /* Assets.xcassets in Resources */ = {isa = PBXBuildFile; fileRef = 04A4F7D52CB52CE30094BB42 /* Assets.xcassets */; };
		04A4F7D92CB52CE30094BB42 /* Base in Resources */ = {isa = PBXBuildFile; fileRef = 04A4F7D82CB52CE30094BB42 /* Base */; };
		04A4F7E12CB52D770094BB42 /* .gitignore in Resources */ = {isa = PBXBuildFile; fileRef = 04A4F7E02CB52D770094BB42 /* .gitignore */; };
		EF9C0FD92CB53E5A00303BD1 /* UIView+.swift in Sources */ = {isa = PBXBuildFile; fileRef = EF9C0FD82CB53E5A00303BD1 /* UIView+.swift */; };
		EF9C0FDC2CB53E8600303BD1 /* ReuseIdentifierProtocol.swift in Sources */ = {isa = PBXBuildFile; fileRef = EF9C0FDB2CB53E8600303BD1 /* ReuseIdentifierProtocol.swift */; };
		EF9C0FDF2CB570B500303BD1 /* Alamofire in Frameworks */ = {isa = PBXBuildFile; productRef = EF9C0FDE2CB570B500303BD1 /* Alamofire */; };
		EF9C0FE22CB5714C00303BD1 /* Realm in Frameworks */ = {isa = PBXBuildFile; productRef = EF9C0FE12CB5714C00303BD1 /* Realm */; };
		EF9C0FE52CB5716100303BD1 /* SnapKit in Frameworks */ = {isa = PBXBuildFile; productRef = EF9C0FE42CB5716100303BD1 /* SnapKit */; };
		EF9C0FE82CB5717D00303BD1 /* RxCocoa in Frameworks */ = {isa = PBXBuildFile; productRef = EF9C0FE72CB5717D00303BD1 /* RxCocoa */; };
		EF9C0FEA2CB5717D00303BD1 /* RxSwift in Frameworks */ = {isa = PBXBuildFile; productRef = EF9C0FE92CB5717D00303BD1 /* RxSwift */; };
		EF9C0FED2CB5718D00303BD1 /* IQKeyboardManagerSwift in Frameworks */ = {isa = PBXBuildFile; productRef = EF9C0FEC2CB5718D00303BD1 /* IQKeyboardManagerSwift */; };
		EF9C0FF02CB5719C00303BD1 /* Kingfisher in Frameworks */ = {isa = PBXBuildFile; productRef = EF9C0FEF2CB5719C00303BD1 /* Kingfisher */; };
		EF9C0FF32CB571A800303BD1 /* Toast in Frameworks */ = {isa = PBXBuildFile; productRef = EF9C0FF22CB571A800303BD1 /* Toast */; };
		EF9C0FF72CB5738500303BD1 /* BaseViewController.swift in Sources */ = {isa = PBXBuildFile; fileRef = EF9C0FF62CB5738500303BD1 /* BaseViewController.swift */; };
		EF9C0FFD2CB5743900303BD1 /* Realm.swift in Sources */ = {isa = PBXBuildFile; fileRef = EF9C0FFC2CB5743900303BD1 /* Realm.swift */; };
		EF9C0FFF2CB5744100303BD1 /* Response.swift in Sources */ = {isa = PBXBuildFile; fileRef = EF9C0FFE2CB5744100303BD1 /* Response.swift */; };
		EF9C10042CB5746700303BD1 /* View.swift in Sources */ = {isa = PBXBuildFile; fileRef = EF9C10032CB5746700303BD1 /* View.swift */; };
		EF9C10062CB5746D00303BD1 /* InitialViewController.swift in Sources */ = {isa = PBXBuildFile; fileRef = EF9C10052CB5746D00303BD1 /* InitialViewController.swift */; };
		EF9C10082CB5747300303BD1 /* ViewModel.swift in Sources */ = {isa = PBXBuildFile; fileRef = EF9C10072CB5747300303BD1 /* ViewModel.swift */; };
		EF9C100B2CB574BD00303BD1 /* Network.swift in Sources */ = {isa = PBXBuildFile; fileRef = EF9C100A2CB574BD00303BD1 /* Network.swift */; };
/* End PBXBuildFile section */

/* Begin PBXFileReference section */
		04A4F7C92CB52CE20094BB42 /* ScreenTimes.app */ = {isa = PBXFileReference; explicitFileType = wrapper.application; includeInIndex = 0; path = ScreenTimes.app; sourceTree = BUILT_PRODUCTS_DIR; };
		04A4F7CC2CB52CE20094BB42 /* AppDelegate.swift */ = {isa = PBXFileReference; lastKnownFileType = sourcecode.swift; path = AppDelegate.swift; sourceTree = "<group>"; };
		04A4F7CE2CB52CE20094BB42 /* SceneDelegate.swift */ = {isa = PBXFileReference; lastKnownFileType = sourcecode.swift; path = SceneDelegate.swift; sourceTree = "<group>"; };
		04A4F7D02CB52CE20094BB42 /* ViewController.swift */ = {isa = PBXFileReference; lastKnownFileType = sourcecode.swift; path = ViewController.swift; sourceTree = "<group>"; };
		04A4F7D52CB52CE30094BB42 /* Assets.xcassets */ = {isa = PBXFileReference; lastKnownFileType = folder.assetcatalog; path = Assets.xcassets; sourceTree = "<group>"; };
		04A4F7D82CB52CE30094BB42 /* Base */ = {isa = PBXFileReference; lastKnownFileType = file.storyboard; name = Base; path = Base.lproj/LaunchScreen.storyboard; sourceTree = "<group>"; };
		04A4F7DA2CB52CE30094BB42 /* Info.plist */ = {isa = PBXFileReference; lastKnownFileType = text.plist.xml; path = Info.plist; sourceTree = "<group>"; };
		04A4F7E02CB52D770094BB42 /* .gitignore */ = {isa = PBXFileReference; lastKnownFileType = text; path = .gitignore; sourceTree = "<group>"; };
		EF9C0FD82CB53E5A00303BD1 /* UIView+.swift */ = {isa = PBXFileReference; lastKnownFileType = sourcecode.swift; path = "UIView+.swift"; sourceTree = "<group>"; };
		EF9C0FDB2CB53E8600303BD1 /* ReuseIdentifierProtocol.swift */ = {isa = PBXFileReference; lastKnownFileType = sourcecode.swift; path = ReuseIdentifierProtocol.swift; sourceTree = "<group>"; };
		EF9C0FF62CB5738500303BD1 /* BaseViewController.swift */ = {isa = PBXFileReference; lastKnownFileType = sourcecode.swift; path = BaseViewController.swift; sourceTree = "<group>"; };
		EF9C0FFC2CB5743900303BD1 /* Realm.swift */ = {isa = PBXFileReference; lastKnownFileType = sourcecode.swift; path = Realm.swift; sourceTree = "<group>"; };
		EF9C0FFE2CB5744100303BD1 /* Response.swift */ = {isa = PBXFileReference; lastKnownFileType = sourcecode.swift; path = Response.swift; sourceTree = "<group>"; };
		EF9C10032CB5746700303BD1 /* View.swift */ = {isa = PBXFileReference; lastKnownFileType = sourcecode.swift; path = View.swift; sourceTree = "<group>"; };
		EF9C10052CB5746D00303BD1 /* InitialViewController.swift */ = {isa = PBXFileReference; lastKnownFileType = sourcecode.swift; path = InitialViewController.swift; sourceTree = "<group>"; };
		EF9C10072CB5747300303BD1 /* ViewModel.swift */ = {isa = PBXFileReference; lastKnownFileType = sourcecode.swift; path = ViewModel.swift; sourceTree = "<group>"; };
		EF9C100A2CB574BD00303BD1 /* Network.swift */ = {isa = PBXFileReference; lastKnownFileType = sourcecode.swift; path = Network.swift; sourceTree = "<group>"; };
/* End PBXFileReference section */

/* Begin PBXFrameworksBuildPhase section */
		04A4F7C62CB52CE20094BB42 /* Frameworks */ = {
			isa = PBXFrameworksBuildPhase;
			buildActionMask = 2147483647;
			files = (
				EF9C0FF32CB571A800303BD1 /* Toast in Frameworks */,
				EF9C0FE52CB5716100303BD1 /* SnapKit in Frameworks */,
				EF9C0FE22CB5714C00303BD1 /* Realm in Frameworks */,
				EF9C0FF02CB5719C00303BD1 /* Kingfisher in Frameworks */,
				EF9C0FEA2CB5717D00303BD1 /* RxSwift in Frameworks */,
				EF9C0FE82CB5717D00303BD1 /* RxCocoa in Frameworks */,
				EF9C0FDF2CB570B500303BD1 /* Alamofire in Frameworks */,
				EF9C0FED2CB5718D00303BD1 /* IQKeyboardManagerSwift in Frameworks */,
			);
			runOnlyForDeploymentPostprocessing = 0;
		};
/* End PBXFrameworksBuildPhase section */

/* Begin PBXGroup section */
		04A4F7C02CB52CE20094BB42 = {
			isa = PBXGroup;
			children = (
				04A4F7E02CB52D770094BB42 /* .gitignore */,
				04A4F7CB2CB52CE20094BB42 /* ScreenTimes */,
				04A4F7CA2CB52CE20094BB42 /* Products */,
			);
			sourceTree = "<group>";
		};
		04A4F7CA2CB52CE20094BB42 /* Products */ = {
			isa = PBXGroup;
			children = (
				04A4F7C92CB52CE20094BB42 /* ScreenTimes.app */,
			);
			name = Products;
			sourceTree = "<group>";
		};
		04A4F7CB2CB52CE20094BB42 /* ScreenTimes */ = {
			isa = PBXGroup;
			children = (
				EF9C0FF42CB5732600303BD1 /* App */,
				EF9C0FDA2CB53E6A00303BD1 /* Protocol */,
				EF9C0FD72CB53DFD00303BD1 /* Extension */,
				EF9C0FF52CB5733A00303BD1 /* Base */,
				EF9C0FF82CB573FF00303BD1 /* Model */,
				EF9C0FFB2CB5742300303BD1 /* View */,
				EF9C10092CB574A000303BD1 /* Network */,
				04A4F7D02CB52CE20094BB42 /* ViewController.swift */,
				04A4F7D52CB52CE30094BB42 /* Assets.xcassets */,
				04A4F7D72CB52CE30094BB42 /* LaunchScreen.storyboard */,
				04A4F7DA2CB52CE30094BB42 /* Info.plist */,
			);
			path = ScreenTimes;
			sourceTree = "<group>";
		};
		EF9C0FD72CB53DFD00303BD1 /* Extension */ = {
			isa = PBXGroup;
			children = (
				EF9C0FD82CB53E5A00303BD1 /* UIView+.swift */,
			);
			path = Extension;
			sourceTree = "<group>";
		};
		EF9C0FDA2CB53E6A00303BD1 /* Protocol */ = {
			isa = PBXGroup;
			children = (
				EF9C0FDB2CB53E8600303BD1 /* ReuseIdentifierProtocol.swift */,
			);
			path = Protocol;
			sourceTree = "<group>";
		};
		EF9C0FF42CB5732600303BD1 /* App */ = {
			isa = PBXGroup;
			children = (
				04A4F7CC2CB52CE20094BB42 /* AppDelegate.swift */,
				04A4F7CE2CB52CE20094BB42 /* SceneDelegate.swift */,
			);
			path = App;
			sourceTree = "<group>";
		};
		EF9C0FF52CB5733A00303BD1 /* Base */ = {
			isa = PBXGroup;
			children = (
				EF9C0FF62CB5738500303BD1 /* BaseViewController.swift */,
			);
			path = Base;
			sourceTree = "<group>";
		};
		EF9C0FF82CB573FF00303BD1 /* Model */ = {
			isa = PBXGroup;
			children = (
				EF9C0FF92CB5741200303BD1 /* Realm */,
				EF9C0FFA2CB5741700303BD1 /* Response */,
			);
			path = Model;
			sourceTree = "<group>";
		};
		EF9C0FF92CB5741200303BD1 /* Realm */ = {
			isa = PBXGroup;
			children = (
				EF9C0FFC2CB5743900303BD1 /* Realm.swift */,
			);
			path = Realm;
			sourceTree = "<group>";
		};
		EF9C0FFA2CB5741700303BD1 /* Response */ = {
			isa = PBXGroup;
			children = (
				EF9C0FFE2CB5744100303BD1 /* Response.swift */,
			);
			path = Response;
			sourceTree = "<group>";
		};
		EF9C0FFB2CB5742300303BD1 /* View */ = {
			isa = PBXGroup;
			children = (
				EF9C10022CB5746100303BD1 /* View */,
				EF9C10012CB5745C00303BD1 /* VC */,
				EF9C10002CB5745100303BD1 /* VM */,
			);
			path = View;
			sourceTree = "<group>";
		};
		EF9C10002CB5745100303BD1 /* VM */ = {
			isa = PBXGroup;
			children = (
				EF9C10072CB5747300303BD1 /* ViewModel.swift */,
			);
			path = VM;
			sourceTree = "<group>";
		};
		EF9C10012CB5745C00303BD1 /* VC */ = {
			isa = PBXGroup;
			children = (
				EF9C10052CB5746D00303BD1 /* InitialViewController.swift */,
			);
			path = VC;
			sourceTree = "<group>";
		};
		EF9C10022CB5746100303BD1 /* View */ = {
			isa = PBXGroup;
			children = (
				EF9C10032CB5746700303BD1 /* View.swift */,
			);
			path = View;
			sourceTree = "<group>";
		};
		EF9C10092CB574A000303BD1 /* Network */ = {
			isa = PBXGroup;
			children = (
				EF9C100A2CB574BD00303BD1 /* Network.swift */,
			);
			path = Network;
			sourceTree = "<group>";
		};
/* End PBXGroup section */

/* Begin PBXNativeTarget section */
		04A4F7C82CB52CE20094BB42 /* ScreenTimes */ = {
			isa = PBXNativeTarget;
			buildConfigurationList = 04A4F7DD2CB52CE30094BB42 /* Build configuration list for PBXNativeTarget "ScreenTimes" */;
			buildPhases = (
				04A4F7C52CB52CE20094BB42 /* Sources */,
				04A4F7C62CB52CE20094BB42 /* Frameworks */,
				04A4F7C72CB52CE20094BB42 /* Resources */,
			);
			buildRules = (
			);
			dependencies = (
			);
			name = ScreenTimes;
			packageProductDependencies = (
				EF9C0FDE2CB570B500303BD1 /* Alamofire */,
				EF9C0FE12CB5714C00303BD1 /* Realm */,
				EF9C0FE42CB5716100303BD1 /* SnapKit */,
				EF9C0FE72CB5717D00303BD1 /* RxCocoa */,
				EF9C0FE92CB5717D00303BD1 /* RxSwift */,
				EF9C0FEC2CB5718D00303BD1 /* IQKeyboardManagerSwift */,
				EF9C0FEF2CB5719C00303BD1 /* Kingfisher */,
				EF9C0FF22CB571A800303BD1 /* Toast */,
			);
			productName = ScreenTimes;
			productReference = 04A4F7C92CB52CE20094BB42 /* ScreenTimes.app */;
			productType = "com.apple.product-type.application";
		};
/* End PBXNativeTarget section */

/* Begin PBXProject section */
		04A4F7C12CB52CE20094BB42 /* Project object */ = {
			isa = PBXProject;
			attributes = {
				BuildIndependentTargetsInParallel = 1;
				LastSwiftUpdateCheck = 1540;
				LastUpgradeCheck = 1540;
				TargetAttributes = {
					04A4F7C82CB52CE20094BB42 = {
						CreatedOnToolsVersion = 15.4;
					};
				};
			};
			buildConfigurationList = 04A4F7C42CB52CE20094BB42 /* Build configuration list for PBXProject "ScreenTimes" */;
			compatibilityVersion = "Xcode 14.0";
			developmentRegion = en;
			hasScannedForEncodings = 0;
			knownRegions = (
				en,
				Base,
			);
			mainGroup = 04A4F7C02CB52CE20094BB42;
			packageReferences = (
				EF9C0FDD2CB570B500303BD1 /* XCRemoteSwiftPackageReference "Alamofire" */,
				EF9C0FE02CB5714C00303BD1 /* XCRemoteSwiftPackageReference "realm-swift" */,
				EF9C0FE32CB5716100303BD1 /* XCRemoteSwiftPackageReference "SnapKit" */,
				EF9C0FE62CB5717D00303BD1 /* XCRemoteSwiftPackageReference "RxSwift" */,
				EF9C0FEB2CB5718D00303BD1 /* XCRemoteSwiftPackageReference "IQKeyboardManager" */,
				EF9C0FEE2CB5719C00303BD1 /* XCRemoteSwiftPackageReference "Kingfisher" */,
				EF9C0FF12CB571A800303BD1 /* XCRemoteSwiftPackageReference "Toast-Swift" */,
			);
			productRefGroup = 04A4F7CA2CB52CE20094BB42 /* Products */;
			projectDirPath = "";
			projectRoot = "";
			targets = (
				04A4F7C82CB52CE20094BB42 /* ScreenTimes */,
			);
		};
/* End PBXProject section */

/* Begin PBXResourcesBuildPhase section */
		04A4F7C72CB52CE20094BB42 /* Resources */ = {
			isa = PBXResourcesBuildPhase;
			buildActionMask = 2147483647;
			files = (
				04A4F7D62CB52CE30094BB42 /* Assets.xcassets in Resources */,
				04A4F7E12CB52D770094BB42 /* .gitignore in Resources */,
				04A4F7D92CB52CE30094BB42 /* Base in Resources */,
			);
			runOnlyForDeploymentPostprocessing = 0;
		};
/* End PBXResourcesBuildPhase section */

/* Begin PBXSourcesBuildPhase section */
		04A4F7C52CB52CE20094BB42 /* Sources */ = {
			isa = PBXSourcesBuildPhase;
			buildActionMask = 2147483647;
			files = (
				EF9C10062CB5746D00303BD1 /* InitialViewController.swift in Sources */,
				EF9C0FFF2CB5744100303BD1 /* Response.swift in Sources */,
				EF9C100B2CB574BD00303BD1 /* Network.swift in Sources */,
				EF9C0FDC2CB53E8600303BD1 /* ReuseIdentifierProtocol.swift in Sources */,
				EF9C10082CB5747300303BD1 /* ViewModel.swift in Sources */,
				EF9C0FD92CB53E5A00303BD1 /* UIView+.swift in Sources */,
				04A4F7D12CB52CE20094BB42 /* ViewController.swift in Sources */,
				EF9C0FFD2CB5743900303BD1 /* Realm.swift in Sources */,
				EF9C10042CB5746700303BD1 /* View.swift in Sources */,
				04A4F7CD2CB52CE20094BB42 /* AppDelegate.swift in Sources */,
				04A4F7CF2CB52CE20094BB42 /* SceneDelegate.swift in Sources */,
				EF9C0FF72CB5738500303BD1 /* BaseViewController.swift in Sources */,
			);
			runOnlyForDeploymentPostprocessing = 0;
		};
/* End PBXSourcesBuildPhase section */

/* Begin PBXVariantGroup section */
		04A4F7D72CB52CE30094BB42 /* LaunchScreen.storyboard */ = {
			isa = PBXVariantGroup;
			children = (
				04A4F7D82CB52CE30094BB42 /* Base */,
			);
			name = LaunchScreen.storyboard;
			sourceTree = "<group>";
		};
/* End PBXVariantGroup section */

/* Begin XCBuildConfiguration section */
		04A4F7DB2CB52CE30094BB42 /* Debug */ = {
			isa = XCBuildConfiguration;
			buildSettings = {
				ALWAYS_SEARCH_USER_PATHS = NO;
				ASSETCATALOG_COMPILER_GENERATE_SWIFT_ASSET_SYMBOL_EXTENSIONS = YES;
				CLANG_ANALYZER_NONNULL = YES;
				CLANG_ANALYZER_NUMBER_OBJECT_CONVERSION = YES_AGGRESSIVE;
				CLANG_CXX_LANGUAGE_STANDARD = "gnu++20";
				CLANG_ENABLE_MODULES = YES;
				CLANG_ENABLE_OBJC_ARC = YES;
				CLANG_ENABLE_OBJC_WEAK = YES;
				CLANG_WARN_BLOCK_CAPTURE_AUTORELEASING = YES;
				CLANG_WARN_BOOL_CONVERSION = YES;
				CLANG_WARN_COMMA = YES;
				CLANG_WARN_CONSTANT_CONVERSION = YES;
				CLANG_WARN_DEPRECATED_OBJC_IMPLEMENTATIONS = YES;
				CLANG_WARN_DIRECT_OBJC_ISA_USAGE = YES_ERROR;
				CLANG_WARN_DOCUMENTATION_COMMENTS = YES;
				CLANG_WARN_EMPTY_BODY = YES;
				CLANG_WARN_ENUM_CONVERSION = YES;
				CLANG_WARN_INFINITE_RECURSION = YES;
				CLANG_WARN_INT_CONVERSION = YES;
				CLANG_WARN_NON_LITERAL_NULL_CONVERSION = YES;
				CLANG_WARN_OBJC_IMPLICIT_RETAIN_SELF = YES;
				CLANG_WARN_OBJC_LITERAL_CONVERSION = YES;
				CLANG_WARN_OBJC_ROOT_CLASS = YES_ERROR;
				CLANG_WARN_QUOTED_INCLUDE_IN_FRAMEWORK_HEADER = YES;
				CLANG_WARN_RANGE_LOOP_ANALYSIS = YES;
				CLANG_WARN_STRICT_PROTOTYPES = YES;
				CLANG_WARN_SUSPICIOUS_MOVE = YES;
				CLANG_WARN_UNGUARDED_AVAILABILITY = YES_AGGRESSIVE;
				CLANG_WARN_UNREACHABLE_CODE = YES;
				CLANG_WARN__DUPLICATE_METHOD_MATCH = YES;
				COPY_PHASE_STRIP = NO;
				DEBUG_INFORMATION_FORMAT = dwarf;
				ENABLE_STRICT_OBJC_MSGSEND = YES;
				ENABLE_TESTABILITY = YES;
				ENABLE_USER_SCRIPT_SANDBOXING = YES;
				GCC_C_LANGUAGE_STANDARD = gnu17;
				GCC_DYNAMIC_NO_PIC = NO;
				GCC_NO_COMMON_BLOCKS = YES;
				GCC_OPTIMIZATION_LEVEL = 0;
				GCC_PREPROCESSOR_DEFINITIONS = (
					"DEBUG=1",
					"$(inherited)",
				);
				GCC_WARN_64_TO_32_BIT_CONVERSION = YES;
				GCC_WARN_ABOUT_RETURN_TYPE = YES_ERROR;
				GCC_WARN_UNDECLARED_SELECTOR = YES;
				GCC_WARN_UNINITIALIZED_AUTOS = YES_AGGRESSIVE;
				GCC_WARN_UNUSED_FUNCTION = YES;
				GCC_WARN_UNUSED_VARIABLE = YES;
				IPHONEOS_DEPLOYMENT_TARGET = 17.5;
				LOCALIZATION_PREFERS_STRING_CATALOGS = YES;
				MTL_ENABLE_DEBUG_INFO = INCLUDE_SOURCE;
				MTL_FAST_MATH = YES;
				ONLY_ACTIVE_ARCH = YES;
				SDKROOT = iphoneos;
				SWIFT_ACTIVE_COMPILATION_CONDITIONS = "DEBUG $(inherited)";
				SWIFT_OPTIMIZATION_LEVEL = "-Onone";
			};
			name = Debug;
		};
		04A4F7DC2CB52CE30094BB42 /* Release */ = {
			isa = XCBuildConfiguration;
			buildSettings = {
				ALWAYS_SEARCH_USER_PATHS = NO;
				ASSETCATALOG_COMPILER_GENERATE_SWIFT_ASSET_SYMBOL_EXTENSIONS = YES;
				CLANG_ANALYZER_NONNULL = YES;
				CLANG_ANALYZER_NUMBER_OBJECT_CONVERSION = YES_AGGRESSIVE;
				CLANG_CXX_LANGUAGE_STANDARD = "gnu++20";
				CLANG_ENABLE_MODULES = YES;
				CLANG_ENABLE_OBJC_ARC = YES;
				CLANG_ENABLE_OBJC_WEAK = YES;
				CLANG_WARN_BLOCK_CAPTURE_AUTORELEASING = YES;
				CLANG_WARN_BOOL_CONVERSION = YES;
				CLANG_WARN_COMMA = YES;
				CLANG_WARN_CONSTANT_CONVERSION = YES;
				CLANG_WARN_DEPRECATED_OBJC_IMPLEMENTATIONS = YES;
				CLANG_WARN_DIRECT_OBJC_ISA_USAGE = YES_ERROR;
				CLANG_WARN_DOCUMENTATION_COMMENTS = YES;
				CLANG_WARN_EMPTY_BODY = YES;
				CLANG_WARN_ENUM_CONVERSION = YES;
				CLANG_WARN_INFINITE_RECURSION = YES;
				CLANG_WARN_INT_CONVERSION = YES;
				CLANG_WARN_NON_LITERAL_NULL_CONVERSION = YES;
				CLANG_WARN_OBJC_IMPLICIT_RETAIN_SELF = YES;
				CLANG_WARN_OBJC_LITERAL_CONVERSION = YES;
				CLANG_WARN_OBJC_ROOT_CLASS = YES_ERROR;
				CLANG_WARN_QUOTED_INCLUDE_IN_FRAMEWORK_HEADER = YES;
				CLANG_WARN_RANGE_LOOP_ANALYSIS = YES;
				CLANG_WARN_STRICT_PROTOTYPES = YES;
				CLANG_WARN_SUSPICIOUS_MOVE = YES;
				CLANG_WARN_UNGUARDED_AVAILABILITY = YES_AGGRESSIVE;
				CLANG_WARN_UNREACHABLE_CODE = YES;
				CLANG_WARN__DUPLICATE_METHOD_MATCH = YES;
				COPY_PHASE_STRIP = NO;
				DEBUG_INFORMATION_FORMAT = "dwarf-with-dsym";
				ENABLE_NS_ASSERTIONS = NO;
				ENABLE_STRICT_OBJC_MSGSEND = YES;
				ENABLE_USER_SCRIPT_SANDBOXING = YES;
				GCC_C_LANGUAGE_STANDARD = gnu17;
				GCC_NO_COMMON_BLOCKS = YES;
				GCC_WARN_64_TO_32_BIT_CONVERSION = YES;
				GCC_WARN_ABOUT_RETURN_TYPE = YES_ERROR;
				GCC_WARN_UNDECLARED_SELECTOR = YES;
				GCC_WARN_UNINITIALIZED_AUTOS = YES_AGGRESSIVE;
				GCC_WARN_UNUSED_FUNCTION = YES;
				GCC_WARN_UNUSED_VARIABLE = YES;
				IPHONEOS_DEPLOYMENT_TARGET = 17.5;
				LOCALIZATION_PREFERS_STRING_CATALOGS = YES;
				MTL_ENABLE_DEBUG_INFO = NO;
				MTL_FAST_MATH = YES;
				SDKROOT = iphoneos;
				SWIFT_COMPILATION_MODE = wholemodule;
				VALIDATE_PRODUCT = YES;
			};
			name = Release;
		};
		04A4F7DE2CB52CE30094BB42 /* Debug */ = {
			isa = XCBuildConfiguration;
			buildSettings = {
				ASSETCATALOG_COMPILER_APPICON_NAME = AppIcon;
				ASSETCATALOG_COMPILER_GLOBAL_ACCENT_COLOR_NAME = AccentColor;
				CODE_SIGN_STYLE = Automatic;
				CURRENT_PROJECT_VERSION = 1;
				GENERATE_INFOPLIST_FILE = YES;
				INFOPLIST_FILE = ScreenTimes/Info.plist;
				INFOPLIST_KEY_UIApplicationSupportsIndirectInputEvents = YES;
				INFOPLIST_KEY_UILaunchStoryboardName = LaunchScreen;
				INFOPLIST_KEY_UISupportedInterfaceOrientations = UIInterfaceOrientationPortrait;
				INFOPLIST_KEY_UISupportedInterfaceOrientations_iPad = "UIInterfaceOrientationLandscapeLeft UIInterfaceOrientationLandscapeRight UIInterfaceOrientationPortrait UIInterfaceOrientationPortraitUpsideDown";
				IPHONEOS_DEPLOYMENT_TARGET = 15.0;
				LD_RUNPATH_SEARCH_PATHS = (
					"$(inherited)",
					"@executable_path/Frameworks",
				);
				MARKETING_VERSION = 1.0;
				PRODUCT_BUNDLE_IDENTIFIER = com.harvey.ScreenTimes;
				PRODUCT_NAME = "$(TARGET_NAME)";
				SUPPORTED_PLATFORMS = "iphoneos iphonesimulator";
				SUPPORTS_MACCATALYST = NO;
				SUPPORTS_MAC_DESIGNED_FOR_IPHONE_IPAD = NO;
				SUPPORTS_XR_DESIGNED_FOR_IPHONE_IPAD = NO;
				SWIFT_EMIT_LOC_STRINGS = YES;
				SWIFT_VERSION = 5.0;
				TARGETED_DEVICE_FAMILY = 1;
			};
			name = Debug;
		};
		04A4F7DF2CB52CE30094BB42 /* Release */ = {
			isa = XCBuildConfiguration;
			buildSettings = {
				ASSETCATALOG_COMPILER_APPICON_NAME = AppIcon;
				ASSETCATALOG_COMPILER_GLOBAL_ACCENT_COLOR_NAME = AccentColor;
				CODE_SIGN_STYLE = Automatic;
				CURRENT_PROJECT_VERSION = 1;
				GENERATE_INFOPLIST_FILE = YES;
				INFOPLIST_FILE = ScreenTimes/Info.plist;
				INFOPLIST_KEY_UIApplicationSupportsIndirectInputEvents = YES;
				INFOPLIST_KEY_UILaunchStoryboardName = LaunchScreen;
				INFOPLIST_KEY_UISupportedInterfaceOrientations = UIInterfaceOrientationPortrait;
				INFOPLIST_KEY_UISupportedInterfaceOrientations_iPad = "UIInterfaceOrientationLandscapeLeft UIInterfaceOrientationLandscapeRight UIInterfaceOrientationPortrait UIInterfaceOrientationPortraitUpsideDown";
				IPHONEOS_DEPLOYMENT_TARGET = 15.0;
				LD_RUNPATH_SEARCH_PATHS = (
					"$(inherited)",
					"@executable_path/Frameworks",
				);
				MARKETING_VERSION = 1.0;
				PRODUCT_BUNDLE_IDENTIFIER = com.harvey.ScreenTimes;
				PRODUCT_NAME = "$(TARGET_NAME)";
				SUPPORTED_PLATFORMS = "iphoneos iphonesimulator";
				SUPPORTS_MACCATALYST = NO;
				SUPPORTS_MAC_DESIGNED_FOR_IPHONE_IPAD = NO;
				SUPPORTS_XR_DESIGNED_FOR_IPHONE_IPAD = NO;
				SWIFT_EMIT_LOC_STRINGS = YES;
				SWIFT_VERSION = 5.0;
				TARGETED_DEVICE_FAMILY = 1;
			};
			name = Release;
		};
/* End XCBuildConfiguration section */

/* Begin XCConfigurationList section */
		04A4F7C42CB52CE20094BB42 /* Build configuration list for PBXProject "ScreenTimes" */ = {
			isa = XCConfigurationList;
			buildConfigurations = (
				04A4F7DB2CB52CE30094BB42 /* Debug */,
				04A4F7DC2CB52CE30094BB42 /* Release */,
			);
			defaultConfigurationIsVisible = 0;
			defaultConfigurationName = Release;
		};
		04A4F7DD2CB52CE30094BB42 /* Build configuration list for PBXNativeTarget "ScreenTimes" */ = {
			isa = XCConfigurationList;
			buildConfigurations = (
				04A4F7DE2CB52CE30094BB42 /* Debug */,
				04A4F7DF2CB52CE30094BB42 /* Release */,
			);
			defaultConfigurationIsVisible = 0;
			defaultConfigurationName = Release;
		};
/* End XCConfigurationList section */

/* Begin XCRemoteSwiftPackageReference section */
		EF9C0FDD2CB570B500303BD1 /* XCRemoteSwiftPackageReference "Alamofire" */ = {
			isa = XCRemoteSwiftPackageReference;
			repositoryURL = "https://github.com/Alamofire/Alamofire.git";
			requirement = {
				kind = upToNextMajorVersion;
				minimumVersion = 5.9.1;
			};
		};
		EF9C0FE02CB5714C00303BD1 /* XCRemoteSwiftPackageReference "realm-swift" */ = {
			isa = XCRemoteSwiftPackageReference;
			repositoryURL = "https://github.com/realm/realm-swift.git";
			requirement = {
				kind = exactVersion;
				version = 20.0.0;
			};
		};
		EF9C0FE32CB5716100303BD1 /* XCRemoteSwiftPackageReference "SnapKit" */ = {
			isa = XCRemoteSwiftPackageReference;
			repositoryURL = "https://github.com/SnapKit/SnapKit.git";
			requirement = {
				kind = upToNextMajorVersion;
				minimumVersion = 5.7.1;
			};
		};
		EF9C0FE62CB5717D00303BD1 /* XCRemoteSwiftPackageReference "RxSwift" */ = {
			isa = XCRemoteSwiftPackageReference;
			repositoryURL = "https://github.com/ReactiveX/RxSwift.git";
			requirement = {
				kind = upToNextMajorVersion;
				minimumVersion = 6.8.0;
			};
		};
		EF9C0FEB2CB5718D00303BD1 /* XCRemoteSwiftPackageReference "IQKeyboardManager" */ = {
			isa = XCRemoteSwiftPackageReference;
			repositoryURL = "https://github.com/hackiftekhar/IQKeyboardManager.git";
			requirement = {
				kind = upToNextMajorVersion;
				minimumVersion = 7.2.0;
			};
		};
		EF9C0FEE2CB5719C00303BD1 /* XCRemoteSwiftPackageReference "Kingfisher" */ = {
			isa = XCRemoteSwiftPackageReference;
			repositoryURL = "https://github.com/onevcat/Kingfisher.git";
			requirement = {
				kind = upToNextMajorVersion;
				minimumVersion = 8.0.3;
			};
		};
		EF9C0FF12CB571A800303BD1 /* XCRemoteSwiftPackageReference "Toast-Swift" */ = {
			isa = XCRemoteSwiftPackageReference;
			repositoryURL = "https://github.com/scalessec/Toast-Swift.git";
			requirement = {
				kind = upToNextMajorVersion;
				minimumVersion = 5.1.1;
			};
		};
/* End XCRemoteSwiftPackageReference section */

/* Begin XCSwiftPackageProductDependency section */
		EF9C0FDE2CB570B500303BD1 /* Alamofire */ = {
			isa = XCSwiftPackageProductDependency;
			package = EF9C0FDD2CB570B500303BD1 /* XCRemoteSwiftPackageReference "Alamofire" */;
			productName = Alamofire;
		};
		EF9C0FE12CB5714C00303BD1 /* Realm */ = {
			isa = XCSwiftPackageProductDependency;
			package = EF9C0FE02CB5714C00303BD1 /* XCRemoteSwiftPackageReference "realm-swift" */;
			productName = Realm;
		};
		EF9C0FE42CB5716100303BD1 /* SnapKit */ = {
			isa = XCSwiftPackageProductDependency;
			package = EF9C0FE32CB5716100303BD1 /* XCRemoteSwiftPackageReference "SnapKit" */;
			productName = SnapKit;
		};
		EF9C0FE72CB5717D00303BD1 /* RxCocoa */ = {
			isa = XCSwiftPackageProductDependency;
			package = EF9C0FE62CB5717D00303BD1 /* XCRemoteSwiftPackageReference "RxSwift" */;
			productName = RxCocoa;
		};
		EF9C0FE92CB5717D00303BD1 /* RxSwift */ = {
			isa = XCSwiftPackageProductDependency;
			package = EF9C0FE62CB5717D00303BD1 /* XCRemoteSwiftPackageReference "RxSwift" */;
			productName = RxSwift;
		};
		EF9C0FEC2CB5718D00303BD1 /* IQKeyboardManagerSwift */ = {
			isa = XCSwiftPackageProductDependency;
			package = EF9C0FEB2CB5718D00303BD1 /* XCRemoteSwiftPackageReference "IQKeyboardManager" */;
			productName = IQKeyboardManagerSwift;
		};
		EF9C0FEF2CB5719C00303BD1 /* Kingfisher */ = {
			isa = XCSwiftPackageProductDependency;
			package = EF9C0FEE2CB5719C00303BD1 /* XCRemoteSwiftPackageReference "Kingfisher" */;
			productName = Kingfisher;
		};
		EF9C0FF22CB571A800303BD1 /* Toast */ = {
			isa = XCSwiftPackageProductDependency;
			package = EF9C0FF12CB571A800303BD1 /* XCRemoteSwiftPackageReference "Toast-Swift" */;
			productName = Toast;
		};
/* End XCSwiftPackageProductDependency section */
	};
	rootObject = 04A4F7C12CB52CE20094BB42 /* Project object */;
}
