// !$*UTF8*$!
{
	archiveVersion = 1;
	classes = {
	};
	objectVersion = 56;
	objects = {

/* Begin PBXBuildFile section */
		04A4F7CD2CB52CE20094BB42 /* AppDelegate.swift in Sources */ = {isa = PBXBuildFile; fileRef = 04A4F7CC2CB52CE20094BB42 /* AppDelegate.swift */; };
		04A4F7CF2CB52CE20094BB42 /* SceneDelegate.swift in Sources */ = {isa = PBXBuildFile; fileRef = 04A4F7CE2CB52CE20094BB42 /* SceneDelegate.swift */; };
		04A4F7D12CB52CE20094BB42 /* ViewController.swift in Sources */ = {isa = PBXBuildFile; fileRef = 04A4F7D02CB52CE20094BB42 /* ViewController.swift */; };
		04A4F7D62CB52CE30094BB42 /* Assets.xcassets in Resources */ = {isa = PBXBuildFile; fileRef = 04A4F7D52CB52CE30094BB42 /* Assets.xcassets */; };
		04A4F7D92CB52CE30094BB42 /* Base in Resources */ = {isa = PBXBuildFile; fileRef = 04A4F7D82CB52CE30094BB42 /* Base */; };
		04A4F7E12CB52D770094BB42 /* .gitignore in Resources */ = {isa = PBXBuildFile; fileRef = 04A4F7E02CB52D770094BB42 /* .gitignore */; };
		04A4F7E32CB592030094BB42 /* SearchView.swift in Sources */ = {isa = PBXBuildFile; fileRef = 04A4F7E22CB592030094BB42 /* SearchView.swift */; };
		04A4F7E52CB5920C0094BB42 /* SearchViewController.swift in Sources */ = {isa = PBXBuildFile; fileRef = 04A4F7E42CB5920C0094BB42 /* SearchViewController.swift */; };
		04A4F7E72CB592190094BB42 /* SearchViewModel.swift in Sources */ = {isa = PBXBuildFile; fileRef = 04A4F7E62CB592190094BB42 /* SearchViewModel.swift */; };
		04A4F7E92CB639160094BB42 /* BaseView.swift in Sources */ = {isa = PBXBuildFile; fileRef = 04A4F7E82CB639160094BB42 /* BaseView.swift */; };
		04A4F7EB2CB63F9F0094BB42 /* DefaultCollectionViewCell.swift in Sources */ = {isa = PBXBuildFile; fileRef = 04A4F7EA2CB63F9F0094BB42 /* DefaultCollectionViewCell.swift */; };
		04A4F8422CB6EBE00094BB42 /* DownloadView.swift in Sources */ = {isa = PBXBuildFile; fileRef = 04A4F8412CB6EBE00094BB42 /* DownloadView.swift */; };
		04A4F8442CB6EBEC0094BB42 /* DownloadViewController.swift in Sources */ = {isa = PBXBuildFile; fileRef = 04A4F8432CB6EBEC0094BB42 /* DownloadViewController.swift */; };
		8B8441B52CB7B634001A460F /* TrendVM.swift in Sources */ = {isa = PBXBuildFile; fileRef = 8B8441B42CB7B634001A460F /* TrendVM.swift */; };
		8B8441E72CB8BDD5001A460F /* TabbarViewController.swift in Sources */ = {isa = PBXBuildFile; fileRef = 8B8441E62CB8BDD5001A460F /* TabbarViewController.swift */; };
		8BF9F09F2CB78AA60088C37F /* TrendCollectionViewCell.swift in Sources */ = {isa = PBXBuildFile; fileRef = 8BF9F09D2CB78AA60088C37F /* TrendCollectionViewCell.swift */; };
		8BF9F0A12CB78AEF0088C37F /* TrendView.swift in Sources */ = {isa = PBXBuildFile; fileRef = 8BF9F0A02CB78AEF0088C37F /* TrendView.swift */; };
		8BF9F0A32CB78AFD0088C37F /* TrendViewController.swift in Sources */ = {isa = PBXBuildFile; fileRef = 8BF9F0A22CB78AFD0088C37F /* TrendViewController.swift */; };
		EF53365F2CB6387F0024B186 /* NetworkManager.swift in Sources */ = {isa = PBXBuildFile; fileRef = EF53365E2CB6387F0024B186 /* NetworkManager.swift */; };
		EF5336612CB640670024B186 /* TestNetwork.swift in Sources */ = {isa = PBXBuildFile; fileRef = EF5336602CB640670024B186 /* TestNetwork.swift */; };
		EF5336632CB6C0DA0024B186 /* TV.swift in Sources */ = {isa = PBXBuildFile; fileRef = EF5336622CB6C0DA0024B186 /* TV.swift */; };
		EF5336692CB6C29D0024B186 /* Alamofire in Frameworks */ = {isa = PBXBuildFile; productRef = EF5336682CB6C29D0024B186 /* Alamofire */; };
		EF53366C2CB6C2A40024B186 /* Kingfisher in Frameworks */ = {isa = PBXBuildFile; productRef = EF53366B2CB6C2A40024B186 /* Kingfisher */; };
		EF53366F2CB6C2AB0024B186 /* IQKeyboardManagerSwift in Frameworks */ = {isa = PBXBuildFile; productRef = EF53366E2CB6C2AB0024B186 /* IQKeyboardManagerSwift */; };
		EF5336722CB6C2B40024B186 /* SnapKit in Frameworks */ = {isa = PBXBuildFile; productRef = EF5336712CB6C2B40024B186 /* SnapKit */; };
		EF5336752CB6C2DF0024B186 /* RxCocoa in Frameworks */ = {isa = PBXBuildFile; productRef = EF5336742CB6C2DF0024B186 /* RxCocoa */; };
		EF5336772CB6C2DF0024B186 /* RxSwift in Frameworks */ = {isa = PBXBuildFile; productRef = EF5336762CB6C2DF0024B186 /* RxSwift */; };
		EF5336792CB6C3930024B186 /* Genre.swift in Sources */ = {isa = PBXBuildFile; fileRef = EF5336782CB6C3930024B186 /* Genre.swift */; };
		EF9C0FD92CB53E5A00303BD1 /* UIView+.swift in Sources */ = {isa = PBXBuildFile; fileRef = EF9C0FD82CB53E5A00303BD1 /* UIView+.swift */; };
		EF9C0FDC2CB53E8600303BD1 /* ReuseIdentifierProtocol.swift in Sources */ = {isa = PBXBuildFile; fileRef = EF9C0FDB2CB53E8600303BD1 /* ReuseIdentifierProtocol.swift */; };
		EF9C0FF72CB5738500303BD1 /* BaseViewController.swift in Sources */ = {isa = PBXBuildFile; fileRef = EF9C0FF62CB5738500303BD1 /* BaseViewController.swift */; };
		EF9C0FFD2CB5743900303BD1 /* Realm.swift in Sources */ = {isa = PBXBuildFile; fileRef = EF9C0FFC2CB5743900303BD1 /* Realm.swift */; };
		EF9C0FFF2CB5744100303BD1 /* Movie.swift in Sources */ = {isa = PBXBuildFile; fileRef = EF9C0FFE2CB5744100303BD1 /* Movie.swift */; };
		EF9C10042CB5746700303BD1 /* View.swift in Sources */ = {isa = PBXBuildFile; fileRef = EF9C10032CB5746700303BD1 /* View.swift */; };
		EF9C10062CB5746D00303BD1 /* InitialViewController.swift in Sources */ = {isa = PBXBuildFile; fileRef = EF9C10052CB5746D00303BD1 /* InitialViewController.swift */; };
		EF9C10082CB5747300303BD1 /* ViewModel.swift in Sources */ = {isa = PBXBuildFile; fileRef = EF9C10072CB5747300303BD1 /* ViewModel.swift */; };
		EF9C100B2CB574BD00303BD1 /* TargetType.swift in Sources */ = {isa = PBXBuildFile; fileRef = EF9C100A2CB574BD00303BD1 /* TargetType.swift */; };
		EF9C100D2CB60ED800303BD1 /* Router.swift in Sources */ = {isa = PBXBuildFile; fileRef = EF9C100C2CB60ED800303BD1 /* Router.swift */; };
		EF9C100F2CB61C5300303BD1 /* Header.swift in Sources */ = {isa = PBXBuildFile; fileRef = EF9C100E2CB61C5300303BD1 /* Header.swift */; };
		EFD78CAB2CB8019D00CE7A57 /* APIURL.swift in Sources */ = {isa = PBXBuildFile; fileRef = EFD78CAA2CB8019D00CE7A57 /* APIURL.swift */; };
		EFD78CAD2CB820BE00CE7A57 /* Bundle+.swift in Sources */ = {isa = PBXBuildFile; fileRef = EFD78CAC2CB820BE00CE7A57 /* Bundle+.swift */; };
		EFD78CD62CB9159B00CE7A57 /* Cast.swift in Sources */ = {isa = PBXBuildFile; fileRef = EFD78CD52CB9159B00CE7A57 /* Cast.swift */; };
/* End PBXBuildFile section */

/* Begin PBXFileReference section */
		04A4F7C92CB52CE20094BB42 /* ScreenTimes.app */ = {isa = PBXFileReference; explicitFileType = wrapper.application; includeInIndex = 0; path = ScreenTimes.app; sourceTree = BUILT_PRODUCTS_DIR; };
		04A4F7CC2CB52CE20094BB42 /* AppDelegate.swift */ = {isa = PBXFileReference; lastKnownFileType = sourcecode.swift; path = AppDelegate.swift; sourceTree = "<group>"; };
		04A4F7CE2CB52CE20094BB42 /* SceneDelegate.swift */ = {isa = PBXFileReference; lastKnownFileType = sourcecode.swift; path = SceneDelegate.swift; sourceTree = "<group>"; };
		04A4F7D02CB52CE20094BB42 /* ViewController.swift */ = {isa = PBXFileReference; lastKnownFileType = sourcecode.swift; path = ViewController.swift; sourceTree = "<group>"; };
		04A4F7D52CB52CE30094BB42 /* Assets.xcassets */ = {isa = PBXFileReference; lastKnownFileType = folder.assetcatalog; path = Assets.xcassets; sourceTree = "<group>"; };
		04A4F7D82CB52CE30094BB42 /* Base */ = {isa = PBXFileReference; lastKnownFileType = file.storyboard; name = Base; path = Base.lproj/LaunchScreen.storyboard; sourceTree = "<group>"; };
		04A4F7DA2CB52CE30094BB42 /* Info.plist */ = {isa = PBXFileReference; lastKnownFileType = text.plist.xml; path = Info.plist; sourceTree = "<group>"; };
		04A4F7E02CB52D770094BB42 /* .gitignore */ = {isa = PBXFileReference; lastKnownFileType = text; path = .gitignore; sourceTree = "<group>"; };
		04A4F7E22CB592030094BB42 /* SearchView.swift */ = {isa = PBXFileReference; lastKnownFileType = sourcecode.swift; path = SearchView.swift; sourceTree = "<group>"; };
		04A4F7E42CB5920C0094BB42 /* SearchViewController.swift */ = {isa = PBXFileReference; lastKnownFileType = sourcecode.swift; path = SearchViewController.swift; sourceTree = "<group>"; };
		04A4F7E62CB592190094BB42 /* SearchViewModel.swift */ = {isa = PBXFileReference; lastKnownFileType = sourcecode.swift; path = SearchViewModel.swift; sourceTree = "<group>"; };
		04A4F7E82CB639160094BB42 /* BaseView.swift */ = {isa = PBXFileReference; lastKnownFileType = sourcecode.swift; path = BaseView.swift; sourceTree = "<group>"; };
		04A4F7EA2CB63F9F0094BB42 /* DefaultCollectionViewCell.swift */ = {isa = PBXFileReference; lastKnownFileType = sourcecode.swift; path = DefaultCollectionViewCell.swift; sourceTree = "<group>"; };
		04A4F8412CB6EBE00094BB42 /* DownloadView.swift */ = {isa = PBXFileReference; lastKnownFileType = sourcecode.swift; path = DownloadView.swift; sourceTree = "<group>"; };
		04A4F8432CB6EBEC0094BB42 /* DownloadViewController.swift */ = {isa = PBXFileReference; lastKnownFileType = sourcecode.swift; path = DownloadViewController.swift; sourceTree = "<group>"; };
		8B8441B42CB7B634001A460F /* TrendVM.swift */ = {isa = PBXFileReference; lastKnownFileType = sourcecode.swift; path = TrendVM.swift; sourceTree = "<group>"; };
		8B8441E62CB8BDD5001A460F /* TabbarViewController.swift */ = {isa = PBXFileReference; lastKnownFileType = sourcecode.swift; path = TabbarViewController.swift; sourceTree = "<group>"; };
		8BF9F09D2CB78AA60088C37F /* TrendCollectionViewCell.swift */ = {isa = PBXFileReference; fileEncoding = 4; lastKnownFileType = sourcecode.swift; path = TrendCollectionViewCell.swift; sourceTree = "<group>"; };
		8BF9F0A02CB78AEF0088C37F /* TrendView.swift */ = {isa = PBXFileReference; fileEncoding = 4; lastKnownFileType = sourcecode.swift; path = TrendView.swift; sourceTree = "<group>"; };
		8BF9F0A22CB78AFD0088C37F /* TrendViewController.swift */ = {isa = PBXFileReference; fileEncoding = 4; lastKnownFileType = sourcecode.swift; path = TrendViewController.swift; sourceTree = "<group>"; };
		EF53365E2CB6387F0024B186 /* NetworkManager.swift */ = {isa = PBXFileReference; lastKnownFileType = sourcecode.swift; path = NetworkManager.swift; sourceTree = "<group>"; };
		EF5336602CB640670024B186 /* TestNetwork.swift */ = {isa = PBXFileReference; lastKnownFileType = sourcecode.swift; path = TestNetwork.swift; sourceTree = "<group>"; };
		EF5336622CB6C0DA0024B186 /* TV.swift */ = {isa = PBXFileReference; lastKnownFileType = sourcecode.swift; path = TV.swift; sourceTree = "<group>"; };
		EF5336782CB6C3930024B186 /* Genre.swift */ = {isa = PBXFileReference; lastKnownFileType = sourcecode.swift; path = Genre.swift; sourceTree = "<group>"; };
		EF9C0FD82CB53E5A00303BD1 /* UIView+.swift */ = {isa = PBXFileReference; lastKnownFileType = sourcecode.swift; path = "UIView+.swift"; sourceTree = "<group>"; };
		EF9C0FDB2CB53E8600303BD1 /* ReuseIdentifierProtocol.swift */ = {isa = PBXFileReference; lastKnownFileType = sourcecode.swift; path = ReuseIdentifierProtocol.swift; sourceTree = "<group>"; };
		EF9C0FF62CB5738500303BD1 /* BaseViewController.swift */ = {isa = PBXFileReference; lastKnownFileType = sourcecode.swift; path = BaseViewController.swift; sourceTree = "<group>"; };
		EF9C0FFC2CB5743900303BD1 /* Realm.swift */ = {isa = PBXFileReference; lastKnownFileType = sourcecode.swift; path = Realm.swift; sourceTree = "<group>"; };
		EF9C0FFE2CB5744100303BD1 /* Movie.swift */ = {isa = PBXFileReference; lastKnownFileType = sourcecode.swift; path = Movie.swift; sourceTree = "<group>"; };
		EF9C10032CB5746700303BD1 /* View.swift */ = {isa = PBXFileReference; lastKnownFileType = sourcecode.swift; path = View.swift; sourceTree = "<group>"; };
		EF9C10052CB5746D00303BD1 /* InitialViewController.swift */ = {isa = PBXFileReference; lastKnownFileType = sourcecode.swift; path = InitialViewController.swift; sourceTree = "<group>"; };
		EF9C10072CB5747300303BD1 /* ViewModel.swift */ = {isa = PBXFileReference; lastKnownFileType = sourcecode.swift; path = ViewModel.swift; sourceTree = "<group>"; };
		EF9C100A2CB574BD00303BD1 /* TargetType.swift */ = {isa = PBXFileReference; lastKnownFileType = sourcecode.swift; path = TargetType.swift; sourceTree = "<group>"; };
		EF9C100C2CB60ED800303BD1 /* Router.swift */ = {isa = PBXFileReference; lastKnownFileType = sourcecode.swift; path = Router.swift; sourceTree = "<group>"; };
		EF9C100E2CB61C5300303BD1 /* Header.swift */ = {isa = PBXFileReference; lastKnownFileType = sourcecode.swift; path = Header.swift; sourceTree = "<group>"; };
		EFD78CAA2CB8019D00CE7A57 /* APIURL.swift */ = {isa = PBXFileReference; lastKnownFileType = sourcecode.swift; path = APIURL.swift; sourceTree = "<group>"; };
		EFD78CAC2CB820BE00CE7A57 /* Bundle+.swift */ = {isa = PBXFileReference; lastKnownFileType = sourcecode.swift; path = "Bundle+.swift"; sourceTree = "<group>"; };
		EFD78CD22CB901A300CE7A57 /* Apikey.xcconfig */ = {isa = PBXFileReference; lastKnownFileType = text.xcconfig; path = Apikey.xcconfig; sourceTree = "<group>"; };
		EFD78CD52CB9159B00CE7A57 /* Cast.swift */ = {isa = PBXFileReference; lastKnownFileType = sourcecode.swift; path = Cast.swift; sourceTree = "<group>"; };
/* End PBXFileReference section */

/* Begin PBXFrameworksBuildPhase section */
		04A4F7C62CB52CE20094BB42 /* Frameworks */ = {
			isa = PBXFrameworksBuildPhase;
			buildActionMask = 2147483647;
			files = (
				EF5336752CB6C2DF0024B186 /* RxCocoa in Frameworks */,
				EF53366C2CB6C2A40024B186 /* Kingfisher in Frameworks */,
				EF53366F2CB6C2AB0024B186 /* IQKeyboardManagerSwift in Frameworks */,
				EF5336692CB6C29D0024B186 /* Alamofire in Frameworks */,
				EF5336722CB6C2B40024B186 /* SnapKit in Frameworks */,
				EF5336772CB6C2DF0024B186 /* RxSwift in Frameworks */,
			);
			runOnlyForDeploymentPostprocessing = 0;
		};
/* End PBXFrameworksBuildPhase section */

/* Begin PBXGroup section */
		04A4F7C02CB52CE20094BB42 = {
			isa = PBXGroup;
			children = (
				EFD78CD22CB901A300CE7A57 /* Apikey.xcconfig */,
				04A4F7E02CB52D770094BB42 /* .gitignore */,
				04A4F7CB2CB52CE20094BB42 /* ScreenTimes */,
				04A4F7CA2CB52CE20094BB42 /* Products */,
			);
			sourceTree = "<group>";
		};
		04A4F7CA2CB52CE20094BB42 /* Products */ = {
			isa = PBXGroup;
			children = (
				04A4F7C92CB52CE20094BB42 /* ScreenTimes.app */,
			);
			name = Products;
			sourceTree = "<group>";
		};
		04A4F7CB2CB52CE20094BB42 /* ScreenTimes */ = {
			isa = PBXGroup;
			children = (
				EF9C0FF42CB5732600303BD1 /* App */,
				EF9C0FDA2CB53E6A00303BD1 /* Protocol */,
				EF9C0FD72CB53DFD00303BD1 /* Extension */,
				EF9C0FF52CB5733A00303BD1 /* Base */,
				EF9C0FF82CB573FF00303BD1 /* Model */,
				EF9C0FFB2CB5742300303BD1 /* View */,
				EF9C10092CB574A000303BD1 /* Network */,
				04A4F7D02CB52CE20094BB42 /* ViewController.swift */,
				04A4F7D52CB52CE30094BB42 /* Assets.xcassets */,
				04A4F7D72CB52CE30094BB42 /* LaunchScreen.storyboard */,
				04A4F7DA2CB52CE30094BB42 /* Info.plist */,
			);
			path = ScreenTimes;
			sourceTree = "<group>";
		};
		8BF9F09E2CB78AA60088C37F /* Cell */ = {
			isa = PBXGroup;
			children = (
				8BF9F09D2CB78AA60088C37F /* TrendCollectionViewCell.swift */,
				04A4F7EA2CB63F9F0094BB42 /* DefaultCollectionViewCell.swift */,
			);
			name = Cell;
			path = ScreenTimes/View/Cell;
			sourceTree = SOURCE_ROOT;
		};
		EF9C0FD72CB53DFD00303BD1 /* Extension */ = {
			isa = PBXGroup;
			children = (
				EF9C0FD82CB53E5A00303BD1 /* UIView+.swift */,
				EFD78CAC2CB820BE00CE7A57 /* Bundle+.swift */,
			);
			path = Extension;
			sourceTree = "<group>";
		};
		EF9C0FDA2CB53E6A00303BD1 /* Protocol */ = {
			isa = PBXGroup;
			children = (
				EF9C0FDB2CB53E8600303BD1 /* ReuseIdentifierProtocol.swift */,
			);
			path = Protocol;
			sourceTree = "<group>";
		};
		EF9C0FF42CB5732600303BD1 /* App */ = {
			isa = PBXGroup;
			children = (
				04A4F7CC2CB52CE20094BB42 /* AppDelegate.swift */,
				04A4F7CE2CB52CE20094BB42 /* SceneDelegate.swift */,
			);
			path = App;
			sourceTree = "<group>";
		};
		EF9C0FF52CB5733A00303BD1 /* Base */ = {
			isa = PBXGroup;
			children = (
				EF9C0FF62CB5738500303BD1 /* BaseViewController.swift */,
				04A4F7E82CB639160094BB42 /* BaseView.swift */,
			);
			path = Base;
			sourceTree = "<group>";
		};
		EF9C0FF82CB573FF00303BD1 /* Model */ = {
			isa = PBXGroup;
			children = (
				EF9C0FF92CB5741200303BD1 /* Realm */,
				EF9C0FFA2CB5741700303BD1 /* Response */,
			);
			path = Model;
			sourceTree = "<group>";
		};
		EF9C0FF92CB5741200303BD1 /* Realm */ = {
			isa = PBXGroup;
			children = (
				EF9C0FFC2CB5743900303BD1 /* Realm.swift */,
			);
			path = Realm;
			sourceTree = "<group>";
		};
		EF9C0FFA2CB5741700303BD1 /* Response */ = {
			isa = PBXGroup;
			children = (
				EF9C0FFE2CB5744100303BD1 /* Movie.swift */,
				EF5336622CB6C0DA0024B186 /* TV.swift */,
				EF5336782CB6C3930024B186 /* Genre.swift */,
				EFD78CD52CB9159B00CE7A57 /* Cast.swift */,
			);
			path = Response;
			sourceTree = "<group>";
		};
		EF9C0FFB2CB5742300303BD1 /* View */ = {
			isa = PBXGroup;
			children = (
				EF9C10022CB5746100303BD1 /* View */,
				EF9C10012CB5745C00303BD1 /* VC */,
				EF9C10002CB5745100303BD1 /* VM */,
			);
			path = View;
			sourceTree = "<group>";
		};
		EF9C10002CB5745100303BD1 /* VM */ = {
			isa = PBXGroup;
			children = (
				EF9C10072CB5747300303BD1 /* ViewModel.swift */,
				04A4F7E62CB592190094BB42 /* SearchViewModel.swift */,
				8B8441B42CB7B634001A460F /* TrendVM.swift */,
			);
			path = VM;
			sourceTree = "<group>";
		};
		EF9C10012CB5745C00303BD1 /* VC */ = {
			isa = PBXGroup;
			children = (
				EF9C10052CB5746D00303BD1 /* InitialViewController.swift */,
				8BF9F0A22CB78AFD0088C37F /* TrendViewController.swift */,
				04A4F7E42CB5920C0094BB42 /* SearchViewController.swift */,
				04A4F8432CB6EBEC0094BB42 /* DownloadViewController.swift */,
				8B8441E62CB8BDD5001A460F /* TabbarViewController.swift */,
			);
			path = VC;
			sourceTree = "<group>";
		};
		EF9C10022CB5746100303BD1 /* View */ = {
			isa = PBXGroup;
			children = (
				8BF9F09E2CB78AA60088C37F /* Cell */,
				EF9C10032CB5746700303BD1 /* View.swift */,
				04A4F7E22CB592030094BB42 /* SearchView.swift */,
				04A4F8412CB6EBE00094BB42 /* DownloadView.swift */,
				8BF9F0A02CB78AEF0088C37F /* TrendView.swift */,
			);
			path = View;
			sourceTree = "<group>";
		};
		EF9C10092CB574A000303BD1 /* Network */ = {
			isa = PBXGroup;
			children = (
				EF53365E2CB6387F0024B186 /* NetworkManager.swift */,
				EF9C100A2CB574BD00303BD1 /* TargetType.swift */,
				EF9C100C2CB60ED800303BD1 /* Router.swift */,
				EF9C100E2CB61C5300303BD1 /* Header.swift */,
				EF5336602CB640670024B186 /* TestNetwork.swift */,
				EFD78CAA2CB8019D00CE7A57 /* APIURL.swift */,
			);
			path = Network;
			sourceTree = "<group>";
		};
/* End PBXGroup section */

/* Begin PBXNativeTarget section */
		04A4F7C82CB52CE20094BB42 /* ScreenTimes */ = {
			isa = PBXNativeTarget;
			buildConfigurationList = 04A4F7DD2CB52CE30094BB42 /* Build configuration list for PBXNativeTarget "ScreenTimes" */;
			buildPhases = (
				04A4F7C52CB52CE20094BB42 /* Sources */,
				04A4F7C62CB52CE20094BB42 /* Frameworks */,
				04A4F7C72CB52CE20094BB42 /* Resources */,
			);
			buildRules = (
			);
			dependencies = (
			);
			name = ScreenTimes;
			packageProductDependencies = (
				EF5336682CB6C29D0024B186 /* Alamofire */,
				EF53366B2CB6C2A40024B186 /* Kingfisher */,
				EF53366E2CB6C2AB0024B186 /* IQKeyboardManagerSwift */,
				EF5336712CB6C2B40024B186 /* SnapKit */,
				EF5336742CB6C2DF0024B186 /* RxCocoa */,
				EF5336762CB6C2DF0024B186 /* RxSwift */,
			);
			productName = ScreenTimes;
			productReference = 04A4F7C92CB52CE20094BB42 /* ScreenTimes.app */;
			productType = "com.apple.product-type.application";
		};
/* End PBXNativeTarget section */

/* Begin PBXProject section */
		04A4F7C12CB52CE20094BB42 /* Project object */ = {
			isa = PBXProject;
			attributes = {
				BuildIndependentTargetsInParallel = 1;
				LastSwiftUpdateCheck = 1540;
				LastUpgradeCheck = 1540;
				TargetAttributes = {
					04A4F7C82CB52CE20094BB42 = {
						CreatedOnToolsVersion = 15.4;
					};
				};
			};
			buildConfigurationList = 04A4F7C42CB52CE20094BB42 /* Build configuration list for PBXProject "ScreenTimes" */;
			compatibilityVersion = "Xcode 14.0";
			developmentRegion = en;
			hasScannedForEncodings = 0;
			knownRegions = (
				en,
				Base,
			);
			mainGroup = 04A4F7C02CB52CE20094BB42;
			packageReferences = (
				EF5336672CB6C29D0024B186 /* XCRemoteSwiftPackageReference "Alamofire" */,
				EF53366A2CB6C2A40024B186 /* XCRemoteSwiftPackageReference "Kingfisher" */,
				EF53366D2CB6C2AB0024B186 /* XCRemoteSwiftPackageReference "IQKeyboardManager" */,
				EF5336702CB6C2B40024B186 /* XCRemoteSwiftPackageReference "SnapKit" */,
				EF5336732CB6C2DF0024B186 /* XCRemoteSwiftPackageReference "RxSwift" */,
			);
			productRefGroup = 04A4F7CA2CB52CE20094BB42 /* Products */;
			projectDirPath = "";
			projectRoot = "";
			targets = (
				04A4F7C82CB52CE20094BB42 /* ScreenTimes */,
			);
		};
/* End PBXProject section */

/* Begin PBXResourcesBuildPhase section */
		04A4F7C72CB52CE20094BB42 /* Resources */ = {
			isa = PBXResourcesBuildPhase;
			buildActionMask = 2147483647;
			files = (
				04A4F7D62CB52CE30094BB42 /* Assets.xcassets in Resources */,
				04A4F7E12CB52D770094BB42 /* .gitignore in Resources */,
				04A4F7D92CB52CE30094BB42 /* Base in Resources */,
			);
			runOnlyForDeploymentPostprocessing = 0;
		};
/* End PBXResourcesBuildPhase section */

/* Begin PBXSourcesBuildPhase section */
		04A4F7C52CB52CE20094BB42 /* Sources */ = {
			isa = PBXSourcesBuildPhase;
			buildActionMask = 2147483647;
			files = (
				EF5336632CB6C0DA0024B186 /* TV.swift in Sources */,
				EF5336612CB640670024B186 /* TestNetwork.swift in Sources */,
				EF9C10062CB5746D00303BD1 /* InitialViewController.swift in Sources */,
				EF9C0FFF2CB5744100303BD1 /* Movie.swift in Sources */,
				EFD78CD62CB9159B00CE7A57 /* Cast.swift in Sources */,
				EF9C100B2CB574BD00303BD1 /* TargetType.swift in Sources */,
				EFD78CAD2CB820BE00CE7A57 /* Bundle+.swift in Sources */,
				EF9C0FDC2CB53E8600303BD1 /* ReuseIdentifierProtocol.swift in Sources */,
				EF53365F2CB6387F0024B186 /* NetworkManager.swift in Sources */,
				EF5336792CB6C3930024B186 /* Genre.swift in Sources */,
				EF9C10082CB5747300303BD1 /* ViewModel.swift in Sources */,
				04A4F8422CB6EBE00094BB42 /* DownloadView.swift in Sources */,
				EF9C0FD92CB53E5A00303BD1 /* UIView+.swift in Sources */,
				04A4F7E72CB592190094BB42 /* SearchViewModel.swift in Sources */,
				04A4F8442CB6EBEC0094BB42 /* DownloadViewController.swift in Sources */,
				8B8441B52CB7B634001A460F /* TrendVM.swift in Sources */,
				04A4F7D12CB52CE20094BB42 /* ViewController.swift in Sources */,
				8BF9F0A32CB78AFD0088C37F /* TrendViewController.swift in Sources */,
				EF9C0FFD2CB5743900303BD1 /* Realm.swift in Sources */,
				04A4F7E52CB5920C0094BB42 /* SearchViewController.swift in Sources */,
				04A4F7EB2CB63F9F0094BB42 /* DefaultCollectionViewCell.swift in Sources */,
				EFD78CAB2CB8019D00CE7A57 /* APIURL.swift in Sources */,
				04A4F7E32CB592030094BB42 /* SearchView.swift in Sources */,
				8B8441E72CB8BDD5001A460F /* TabbarViewController.swift in Sources */,
				EF9C10042CB5746700303BD1 /* View.swift in Sources */,
				04A4F7CD2CB52CE20094BB42 /* AppDelegate.swift in Sources */,
				EF9C100F2CB61C5300303BD1 /* Header.swift in Sources */,
				04A4F7CF2CB52CE20094BB42 /* SceneDelegate.swift in Sources */,
				EF9C0FF72CB5738500303BD1 /* BaseViewController.swift in Sources */,
				04A4F7E92CB639160094BB42 /* BaseView.swift in Sources */,
				8BF9F0A12CB78AEF0088C37F /* TrendView.swift in Sources */,
				8BF9F09F2CB78AA60088C37F /* TrendCollectionViewCell.swift in Sources */,
				EF9C100D2CB60ED800303BD1 /* Router.swift in Sources */,
			);
			runOnlyForDeploymentPostprocessing = 0;
		};
/* End PBXSourcesBuildPhase section */

/* Begin PBXVariantGroup section */
		04A4F7D72CB52CE30094BB42 /* LaunchScreen.storyboard */ = {
			isa = PBXVariantGroup;
			children = (
				04A4F7D82CB52CE30094BB42 /* Base */,
			);
			name = LaunchScreen.storyboard;
			sourceTree = "<group>";
		};
/* End PBXVariantGroup section */

/* Begin XCBuildConfiguration section */
		04A4F7DB2CB52CE30094BB42 /* Debug */ = {
			isa = XCBuildConfiguration;
			buildSettings = {
				ALWAYS_SEARCH_USER_PATHS = NO;
				ASSETCATALOG_COMPILER_GENERATE_SWIFT_ASSET_SYMBOL_EXTENSIONS = YES;
				CLANG_ANALYZER_NONNULL = YES;
				CLANG_ANALYZER_NUMBER_OBJECT_CONVERSION = YES_AGGRESSIVE;
				CLANG_CXX_LANGUAGE_STANDARD = "gnu++20";
				CLANG_ENABLE_MODULES = YES;
				CLANG_ENABLE_OBJC_ARC = YES;
				CLANG_ENABLE_OBJC_WEAK = YES;
				CLANG_WARN_BLOCK_CAPTURE_AUTORELEASING = YES;
				CLANG_WARN_BOOL_CONVERSION = YES;
				CLANG_WARN_COMMA = YES;
				CLANG_WARN_CONSTANT_CONVERSION = YES;
				CLANG_WARN_DEPRECATED_OBJC_IMPLEMENTATIONS = YES;
				CLANG_WARN_DIRECT_OBJC_ISA_USAGE = YES_ERROR;
				CLANG_WARN_DOCUMENTATION_COMMENTS = YES;
				CLANG_WARN_EMPTY_BODY = YES;
				CLANG_WARN_ENUM_CONVERSION = YES;
				CLANG_WARN_INFINITE_RECURSION = YES;
				CLANG_WARN_INT_CONVERSION = YES;
				CLANG_WARN_NON_LITERAL_NULL_CONVERSION = YES;
				CLANG_WARN_OBJC_IMPLICIT_RETAIN_SELF = YES;
				CLANG_WARN_OBJC_LITERAL_CONVERSION = YES;
				CLANG_WARN_OBJC_ROOT_CLASS = YES_ERROR;
				CLANG_WARN_QUOTED_INCLUDE_IN_FRAMEWORK_HEADER = YES;
				CLANG_WARN_RANGE_LOOP_ANALYSIS = YES;
				CLANG_WARN_STRICT_PROTOTYPES = YES;
				CLANG_WARN_SUSPICIOUS_MOVE = YES;
				CLANG_WARN_UNGUARDED_AVAILABILITY = YES_AGGRESSIVE;
				CLANG_WARN_UNREACHABLE_CODE = YES;
				CLANG_WARN__DUPLICATE_METHOD_MATCH = YES;
				COPY_PHASE_STRIP = NO;
				DEBUG_INFORMATION_FORMAT = dwarf;
				ENABLE_STRICT_OBJC_MSGSEND = YES;
				ENABLE_TESTABILITY = YES;
				ENABLE_USER_SCRIPT_SANDBOXING = YES;
				GCC_C_LANGUAGE_STANDARD = gnu17;
				GCC_DYNAMIC_NO_PIC = NO;
				GCC_NO_COMMON_BLOCKS = YES;
				GCC_OPTIMIZATION_LEVEL = 0;
				GCC_PREPROCESSOR_DEFINITIONS = (
					"DEBUG=1",
					"$(inherited)",
				);
				GCC_WARN_64_TO_32_BIT_CONVERSION = YES;
				GCC_WARN_ABOUT_RETURN_TYPE = YES_ERROR;
				GCC_WARN_UNDECLARED_SELECTOR = YES;
				GCC_WARN_UNINITIALIZED_AUTOS = YES_AGGRESSIVE;
				GCC_WARN_UNUSED_FUNCTION = YES;
				GCC_WARN_UNUSED_VARIABLE = YES;
				IPHONEOS_DEPLOYMENT_TARGET = 17.5;
				LOCALIZATION_PREFERS_STRING_CATALOGS = YES;
				MTL_ENABLE_DEBUG_INFO = INCLUDE_SOURCE;
				MTL_FAST_MATH = YES;
				ONLY_ACTIVE_ARCH = YES;
				SDKROOT = iphoneos;
				SWIFT_ACTIVE_COMPILATION_CONDITIONS = "DEBUG $(inherited)";
				SWIFT_OPTIMIZATION_LEVEL = "-Onone";
			};
			name = Debug;
		};
		04A4F7DC2CB52CE30094BB42 /* Release */ = {
			isa = XCBuildConfiguration;
			buildSettings = {
				ALWAYS_SEARCH_USER_PATHS = NO;
				ASSETCATALOG_COMPILER_GENERATE_SWIFT_ASSET_SYMBOL_EXTENSIONS = YES;
				CLANG_ANALYZER_NONNULL = YES;
				CLANG_ANALYZER_NUMBER_OBJECT_CONVERSION = YES_AGGRESSIVE;
				CLANG_CXX_LANGUAGE_STANDARD = "gnu++20";
				CLANG_ENABLE_MODULES = YES;
				CLANG_ENABLE_OBJC_ARC = YES;
				CLANG_ENABLE_OBJC_WEAK = YES;
				CLANG_WARN_BLOCK_CAPTURE_AUTORELEASING = YES;
				CLANG_WARN_BOOL_CONVERSION = YES;
				CLANG_WARN_COMMA = YES;
				CLANG_WARN_CONSTANT_CONVERSION = YES;
				CLANG_WARN_DEPRECATED_OBJC_IMPLEMENTATIONS = YES;
				CLANG_WARN_DIRECT_OBJC_ISA_USAGE = YES_ERROR;
				CLANG_WARN_DOCUMENTATION_COMMENTS = YES;
				CLANG_WARN_EMPTY_BODY = YES;
				CLANG_WARN_ENUM_CONVERSION = YES;
				CLANG_WARN_INFINITE_RECURSION = YES;
				CLANG_WARN_INT_CONVERSION = YES;
				CLANG_WARN_NON_LITERAL_NULL_CONVERSION = YES;
				CLANG_WARN_OBJC_IMPLICIT_RETAIN_SELF = YES;
				CLANG_WARN_OBJC_LITERAL_CONVERSION = YES;
				CLANG_WARN_OBJC_ROOT_CLASS = YES_ERROR;
				CLANG_WARN_QUOTED_INCLUDE_IN_FRAMEWORK_HEADER = YES;
				CLANG_WARN_RANGE_LOOP_ANALYSIS = YES;
				CLANG_WARN_STRICT_PROTOTYPES = YES;
				CLANG_WARN_SUSPICIOUS_MOVE = YES;
				CLANG_WARN_UNGUARDED_AVAILABILITY = YES_AGGRESSIVE;
				CLANG_WARN_UNREACHABLE_CODE = YES;
				CLANG_WARN__DUPLICATE_METHOD_MATCH = YES;
				COPY_PHASE_STRIP = NO;
				DEBUG_INFORMATION_FORMAT = "dwarf-with-dsym";
				ENABLE_NS_ASSERTIONS = NO;
				ENABLE_STRICT_OBJC_MSGSEND = YES;
				ENABLE_USER_SCRIPT_SANDBOXING = YES;
				GCC_C_LANGUAGE_STANDARD = gnu17;
				GCC_NO_COMMON_BLOCKS = YES;
				GCC_WARN_64_TO_32_BIT_CONVERSION = YES;
				GCC_WARN_ABOUT_RETURN_TYPE = YES_ERROR;
				GCC_WARN_UNDECLARED_SELECTOR = YES;
				GCC_WARN_UNINITIALIZED_AUTOS = YES_AGGRESSIVE;
				GCC_WARN_UNUSED_FUNCTION = YES;
				GCC_WARN_UNUSED_VARIABLE = YES;
				IPHONEOS_DEPLOYMENT_TARGET = 17.5;
				LOCALIZATION_PREFERS_STRING_CATALOGS = YES;
				MTL_ENABLE_DEBUG_INFO = NO;
				MTL_FAST_MATH = YES;
				SDKROOT = iphoneos;
				SWIFT_COMPILATION_MODE = wholemodule;
				VALIDATE_PRODUCT = YES;
			};
			name = Release;
		};
		04A4F7DE2CB52CE30094BB42 /* Debug */ = {
			isa = XCBuildConfiguration;
			baseConfigurationReference = EFD78CD22CB901A300CE7A57 /* Apikey.xcconfig */;
			buildSettings = {
				ASSETCATALOG_COMPILER_APPICON_NAME = AppIcon;
				ASSETCATALOG_COMPILER_GLOBAL_ACCENT_COLOR_NAME = AccentColor;
				CODE_SIGN_STYLE = Automatic;
				CURRENT_PROJECT_VERSION = 1;
				DEVELOPMENT_TEAM = "";
				GENERATE_INFOPLIST_FILE = YES;
				INFOPLIST_FILE = ScreenTimes/Info.plist;
				INFOPLIST_KEY_UIApplicationSupportsIndirectInputEvents = YES;
				INFOPLIST_KEY_UILaunchStoryboardName = LaunchScreen;
				INFOPLIST_KEY_UISupportedInterfaceOrientations = UIInterfaceOrientationPortrait;
				INFOPLIST_KEY_UISupportedInterfaceOrientations_iPad = "UIInterfaceOrientationLandscapeLeft UIInterfaceOrientationLandscapeRight UIInterfaceOrientationPortrait UIInterfaceOrientationPortraitUpsideDown";
				INFOPLIST_KEY_UIUserInterfaceStyle = Dark;
				IPHONEOS_DEPLOYMENT_TARGET = 15.0;
				LD_RUNPATH_SEARCH_PATHS = (
					"$(inherited)",
					"@executable_path/Frameworks",
				);
				MARKETING_VERSION = 1.0;
				PRODUCT_BUNDLE_IDENTIFIER = com.harvey.ScreenTimes;
				PRODUCT_NAME = "$(TARGET_NAME)";
				SUPPORTED_PLATFORMS = "iphoneos iphonesimulator";
				SUPPORTS_MACCATALYST = NO;
				SUPPORTS_MAC_DESIGNED_FOR_IPHONE_IPAD = NO;
				SUPPORTS_XR_DESIGNED_FOR_IPHONE_IPAD = NO;
				SWIFT_EMIT_LOC_STRINGS = YES;
				SWIFT_VERSION = 5.0;
				TARGETED_DEVICE_FAMILY = 1;
			};
			name = Debug;
		};
		04A4F7DF2CB52CE30094BB42 /* Release */ = {
			isa = XCBuildConfiguration;
			buildSettings = {
				ASSETCATALOG_COMPILER_APPICON_NAME = AppIcon;
				ASSETCATALOG_COMPILER_GLOBAL_ACCENT_COLOR_NAME = AccentColor;
				CODE_SIGN_STYLE = Automatic;
				CURRENT_PROJECT_VERSION = 1;
				DEVELOPMENT_TEAM = "";
				GENERATE_INFOPLIST_FILE = YES;
				INFOPLIST_FILE = ScreenTimes/Info.plist;
				INFOPLIST_KEY_UIApplicationSupportsIndirectInputEvents = YES;
				INFOPLIST_KEY_UILaunchStoryboardName = LaunchScreen;
				INFOPLIST_KEY_UISupportedInterfaceOrientations = UIInterfaceOrientationPortrait;
				INFOPLIST_KEY_UISupportedInterfaceOrientations_iPad = "UIInterfaceOrientationLandscapeLeft UIInterfaceOrientationLandscapeRight UIInterfaceOrientationPortrait UIInterfaceOrientationPortraitUpsideDown";
				INFOPLIST_KEY_UIUserInterfaceStyle = Dark;
				IPHONEOS_DEPLOYMENT_TARGET = 15.0;
				LD_RUNPATH_SEARCH_PATHS = (
					"$(inherited)",
					"@executable_path/Frameworks",
				);
				MARKETING_VERSION = 1.0;
				PRODUCT_BUNDLE_IDENTIFIER = com.harvey.ScreenTimes;
				PRODUCT_NAME = "$(TARGET_NAME)";
				SUPPORTED_PLATFORMS = "iphoneos iphonesimulator";
				SUPPORTS_MACCATALYST = NO;
				SUPPORTS_MAC_DESIGNED_FOR_IPHONE_IPAD = NO;
				SUPPORTS_XR_DESIGNED_FOR_IPHONE_IPAD = NO;
				SWIFT_EMIT_LOC_STRINGS = YES;
				SWIFT_VERSION = 5.0;
				TARGETED_DEVICE_FAMILY = 1;
			};
			name = Release;
		};
/* End XCBuildConfiguration section */

/* Begin XCConfigurationList section */
		04A4F7C42CB52CE20094BB42 /* Build configuration list for PBXProject "ScreenTimes" */ = {
			isa = XCConfigurationList;
			buildConfigurations = (
				04A4F7DB2CB52CE30094BB42 /* Debug */,
				04A4F7DC2CB52CE30094BB42 /* Release */,
			);
			defaultConfigurationIsVisible = 0;
			defaultConfigurationName = Release;
		};
		04A4F7DD2CB52CE30094BB42 /* Build configuration list for PBXNativeTarget "ScreenTimes" */ = {
			isa = XCConfigurationList;
			buildConfigurations = (
				04A4F7DE2CB52CE30094BB42 /* Debug */,
				04A4F7DF2CB52CE30094BB42 /* Release */,
			);
			defaultConfigurationIsVisible = 0;
			defaultConfigurationName = Release;
		};
/* End XCConfigurationList section */

/* Begin XCRemoteSwiftPackageReference section */
		EF5336672CB6C29D0024B186 /* XCRemoteSwiftPackageReference "Alamofire" */ = {
			isa = XCRemoteSwiftPackageReference;
			repositoryURL = "https://github.com/Alamofire/Alamofire.git";
			requirement = {
				kind = upToNextMajorVersion;
				minimumVersion = 5.9.1;
			};
		};
		EF53366A2CB6C2A40024B186 /* XCRemoteSwiftPackageReference "Kingfisher" */ = {
			isa = XCRemoteSwiftPackageReference;
			repositoryURL = "https://github.com/onevcat/Kingfisher.git";
			requirement = {
				kind = upToNextMajorVersion;
				minimumVersion = 8.0.3;
			};
		};
		EF53366D2CB6C2AB0024B186 /* XCRemoteSwiftPackageReference "IQKeyboardManager" */ = {
			isa = XCRemoteSwiftPackageReference;
			repositoryURL = "https://github.com/hackiftekhar/IQKeyboardManager.git";
			requirement = {
				kind = upToNextMajorVersion;
				minimumVersion = 7.2.0;
			};
		};
		EF5336702CB6C2B40024B186 /* XCRemoteSwiftPackageReference "SnapKit" */ = {
			isa = XCRemoteSwiftPackageReference;
			repositoryURL = "https://github.com/SnapKit/SnapKit.git";
			requirement = {
				kind = upToNextMajorVersion;
				minimumVersion = 5.7.1;
			};
		};
		EF5336732CB6C2DF0024B186 /* XCRemoteSwiftPackageReference "RxSwift" */ = {
			isa = XCRemoteSwiftPackageReference;
			repositoryURL = "https://github.com/ReactiveX/RxSwift.git";
			requirement = {
				kind = upToNextMajorVersion;
				minimumVersion = 6.8.0;
			};
		};
/* End XCRemoteSwiftPackageReference section */

/* Begin XCSwiftPackageProductDependency section */
		EF5336682CB6C29D0024B186 /* Alamofire */ = {
			isa = XCSwiftPackageProductDependency;
			package = EF5336672CB6C29D0024B186 /* XCRemoteSwiftPackageReference "Alamofire" */;
			productName = Alamofire;
		};
		EF53366B2CB6C2A40024B186 /* Kingfisher */ = {
			isa = XCSwiftPackageProductDependency;
			package = EF53366A2CB6C2A40024B186 /* XCRemoteSwiftPackageReference "Kingfisher" */;
			productName = Kingfisher;
		};
		EF53366E2CB6C2AB0024B186 /* IQKeyboardManagerSwift */ = {
			isa = XCSwiftPackageProductDependency;
			package = EF53366D2CB6C2AB0024B186 /* XCRemoteSwiftPackageReference "IQKeyboardManager" */;
			productName = IQKeyboardManagerSwift;
		};
		EF5336712CB6C2B40024B186 /* SnapKit */ = {
			isa = XCSwiftPackageProductDependency;
			package = EF5336702CB6C2B40024B186 /* XCRemoteSwiftPackageReference "SnapKit" */;
			productName = SnapKit;
		};
		EF5336742CB6C2DF0024B186 /* RxCocoa */ = {
			isa = XCSwiftPackageProductDependency;
			package = EF5336732CB6C2DF0024B186 /* XCRemoteSwiftPackageReference "RxSwift" */;
			productName = RxCocoa;
		};
		EF5336762CB6C2DF0024B186 /* RxSwift */ = {
			isa = XCSwiftPackageProductDependency;
			package = EF5336732CB6C2DF0024B186 /* XCRemoteSwiftPackageReference "RxSwift" */;
			productName = RxSwift;
		};
/* End XCSwiftPackageProductDependency section */
	};
	rootObject = 04A4F7C12CB52CE20094BB42 /* Project object */;
}
